
Microsoft Visual Studio Solution File, Format Version 12.00
# Visual Studio Version 17
VisualStudioVersion = 17.1.32210.238
MinimumVisualStudioVersion = 10.0.40219.1
Project("{FAE04EC0-301F-11D3-BF4B-00C04F79EFBC}") = "test1", "test1\test1.csproj", "{7D8575E0-B0A4-4933-A207-57F3D26B03CC}"
EndProject
Global
	GlobalSection(SolutionConfigurationPlatforms) = preSolution
		Debug|Any CPU = Debug|Any CPU
		Release|Any CPU = Release|Any CPU
	EndGlobalSection
	GlobalSection(ProjectConfigurationPlatforms) = postSolution
		{7D8575E0-B0A4-4933-A207-57F3D26B03CC}.Debug|Any CPU.ActiveCfg = Debug|Any CPU
		{7D8575E0-B0A4-4933-A207-57F3D26B03CC}.Debug|Any CPU.Build.0 = Debug|Any CPU
		{7D8575E0-B0A4-4933-A207-57F3D26B03CC}.Release|Any CPU.ActiveCfg = Release|Any CPU
		{7D8575E0-B0A4-4933-A207-57F3D26B03CC}.Release|Any CPU.Build.0 = Release|Any CPU
	EndGlobalSection
	GlobalSection(SolutionProperties) = preSolution
		HideSolutionNode = FALSE
	EndGlobalSection
	GlobalSection(ExtensibilityGlobals) = postSolution
		SolutionGuid = {0CBCBFD2-22ED-4A44-9A3D-1B416C7998D8}
	EndGlobalSection
EndGlobal
